
Microsoft Visual Studio Solution File, Format Version 12.00
# Visual Studio Version 17
VisualStudioVersion = 17.13.35825.156
MinimumVisualStudioVersion = 10.0.40219.1
Project("{FAE04EC0-301F-11D3-BF4B-00C04F79EFBC}") = "BackToBasics", "BackToBasics\BackToBasics.csproj", "{3BA24461-AC17-4077-BD99-D074F88D2C4C}"
EndProject
Project("{2150E333-8FDC-42A3-9474-1A3956D46DE8}") = "PracticeChallenges", "PracticeChallenges", "{02EA681E-C7D8-13C7-8484-4AC65E1B71E8}"
EndProject
Project("{FAE04EC0-301F-11D3-BF4B-00C04F79EFBC}") = "Challenge1", "Challenge1\Challenge1.csproj", "{28FD2F7D-16FF-4F48-9B11-EA32AF4017F1}"
EndProject
Project("{FAE04EC0-301F-11D3-BF4B-00C04F79EFBC}") = "Challenge2", "Challenge2\Challenge2.csproj", "{7576331F-3851-4D66-B1EA-A24FFEA6DDC9}"
EndProject
Project("{FAE04EC0-301F-11D3-BF4B-00C04F79EFBC}") = "Challenge3", "Challenge3\Challenge3.csproj", "{B2581C18-EAFC-42D3-85C9-0883E3918D92}"
EndProject
Project("{FAE04EC0-301F-11D3-BF4B-00C04F79EFBC}") = "Challenge4", "Challenge4\Challenge4.csproj", "{1CD81867-D2B0-425B-AFAF-3562029D180A}"
EndProject
Project("{FAE04EC0-301F-11D3-BF4B-00C04F79EFBC}") = "Challenge5", "Challenge5\Challenge5.csproj", "{369CAEFB-AFF5-423D-919D-23ACFC4D1ADA}"
EndProject
Project("{2150E333-8FDC-42A3-9474-1A3956D46DE8}") = "Unity Scripts", "Unity Scripts", "{98864727-4908-4B18-9A65-66F983172001}"
	ProjectSection(SolutionItems) = preProject
		D:\Source Codes\Game Design 2\BackToBasics\Assets\BallController.cs = D:\Source Codes\Game Design 2\BackToBasics\Assets\BallController.cs
		D:\Source Codes\Game Design 2\BackToBasics\Assets\BallScript.cs = D:\Source Codes\Game Design 2\BackToBasics\Assets\BallScript.cs
		D:\Source Codes\Game Design 2\BackToBasics\Assets\CameraScript.cs = D:\Source Codes\Game Design 2\BackToBasics\Assets\CameraScript.cs
		D:\Source Codes\Game Design 2\BackToBasics\Assets\GameController.cs = D:\Source Codes\Game Design 2\BackToBasics\Assets\GameController.cs
		D:\Source Codes\Game Design 2\BackToBasics\Assets\GameMenuScript.cs = D:\Source Codes\Game Design 2\BackToBasics\Assets\GameMenuScript.cs
		D:\Source Codes\Game Design 2\BackToBasics\Assets\PlayerScript.cs = D:\Source Codes\Game Design 2\BackToBasics\Assets\PlayerScript.cs
		D:\Source Codes\Game Design 2\BackToBasics\Assets\PracticeMachineProblem.unitypackage = D:\Source Codes\Game Design 2\BackToBasics\Assets\PracticeMachineProblem.unitypackage
	EndProjectSection
EndProject
Global
	GlobalSection(SolutionConfigurationPlatforms) = preSolution
		Debug|Any CPU = Debug|Any CPU
		Release|Any CPU = Release|Any CPU
	EndGlobalSection
	GlobalSection(ProjectConfigurationPlatforms) = postSolution
		{3BA24461-AC17-4077-BD99-D074F88D2C4C}.Debug|Any CPU.ActiveCfg = Debug|Any CPU
		{3BA24461-AC17-4077-BD99-D074F88D2C4C}.Debug|Any CPU.Build.0 = Debug|Any CPU
		{3BA24461-AC17-4077-BD99-D074F88D2C4C}.Release|Any CPU.ActiveCfg = Release|Any CPU
		{3BA24461-AC17-4077-BD99-D074F88D2C4C}.Release|Any CPU.Build.0 = Release|Any CPU
		{28FD2F7D-16FF-4F48-9B11-EA32AF4017F1}.Debug|Any CPU.ActiveCfg = Debug|Any CPU
		{28FD2F7D-16FF-4F48-9B11-EA32AF4017F1}.Debug|Any CPU.Build.0 = Debug|Any CPU
		{28FD2F7D-16FF-4F48-9B11-EA32AF4017F1}.Release|Any CPU.ActiveCfg = Release|Any CPU
		{28FD2F7D-16FF-4F48-9B11-EA32AF4017F1}.Release|Any CPU.Build.0 = Release|Any CPU
		{7576331F-3851-4D66-B1EA-A24FFEA6DDC9}.Debug|Any CPU.ActiveCfg = Debug|Any CPU
		{7576331F-3851-4D66-B1EA-A24FFEA6DDC9}.Debug|Any CPU.Build.0 = Debug|Any CPU
		{7576331F-3851-4D66-B1EA-A24FFEA6DDC9}.Release|Any CPU.ActiveCfg = Release|Any CPU
		{7576331F-3851-4D66-B1EA-A24FFEA6DDC9}.Release|Any CPU.Build.0 = Release|Any CPU
		{B2581C18-EAFC-42D3-85C9-0883E3918D92}.Debug|Any CPU.ActiveCfg = Debug|Any CPU
		{B2581C18-EAFC-42D3-85C9-0883E3918D92}.Debug|Any CPU.Build.0 = Debug|Any CPU
		{B2581C18-EAFC-42D3-85C9-0883E3918D92}.Release|Any CPU.ActiveCfg = Release|Any CPU
		{B2581C18-EAFC-42D3-85C9-0883E3918D92}.Release|Any CPU.Build.0 = Release|Any CPU
		{1CD81867-D2B0-425B-AFAF-3562029D180A}.Debug|Any CPU.ActiveCfg = Debug|Any CPU
		{1CD81867-D2B0-425B-AFAF-3562029D180A}.Debug|Any CPU.Build.0 = Debug|Any CPU
		{1CD81867-D2B0-425B-AFAF-3562029D180A}.Release|Any CPU.ActiveCfg = Release|Any CPU
		{1CD81867-D2B0-425B-AFAF-3562029D180A}.Release|Any CPU.Build.0 = Release|Any CPU
		{369CAEFB-AFF5-423D-919D-23ACFC4D1ADA}.Debug|Any CPU.ActiveCfg = Debug|Any CPU
		{369CAEFB-AFF5-423D-919D-23ACFC4D1ADA}.Debug|Any CPU.Build.0 = Debug|Any CPU
		{369CAEFB-AFF5-423D-919D-23ACFC4D1ADA}.Release|Any CPU.ActiveCfg = Release|Any CPU
		{369CAEFB-AFF5-423D-919D-23ACFC4D1ADA}.Release|Any CPU.Build.0 = Release|Any CPU
	EndGlobalSection
	GlobalSection(SolutionProperties) = preSolution
		HideSolutionNode = FALSE
	EndGlobalSection
	GlobalSection(NestedProjects) = preSolution
		{28FD2F7D-16FF-4F48-9B11-EA32AF4017F1} = {02EA681E-C7D8-13C7-8484-4AC65E1B71E8}
		{7576331F-3851-4D66-B1EA-A24FFEA6DDC9} = {02EA681E-C7D8-13C7-8484-4AC65E1B71E8}
		{B2581C18-EAFC-42D3-85C9-0883E3918D92} = {02EA681E-C7D8-13C7-8484-4AC65E1B71E8}
		{1CD81867-D2B0-425B-AFAF-3562029D180A} = {02EA681E-C7D8-13C7-8484-4AC65E1B71E8}
		{369CAEFB-AFF5-423D-919D-23ACFC4D1ADA} = {02EA681E-C7D8-13C7-8484-4AC65E1B71E8}
	EndGlobalSection
	GlobalSection(ExtensibilityGlobals) = postSolution
		SolutionGuid = {9CFBBF0F-B523-4E99-B9FA-E4E2F9EEEAE4}
	EndGlobalSection
EndGlobal
